
Microsoft Visual Studio Solution File, Format Version 12.00
# Visual Studio 15
VisualStudioVersion = 15.0.26124.0
MinimumVisualStudioVersion = 15.0.26124.0
Project("{FAE04EC0-301F-11D3-BF4B-00C04F79EFBC}") = "MenuSumIdsApi", "MenuSumIdsApi\MenuSumIdsApi.csproj", "{F495014E-17FB-47E2-A955-1F872EE11AEC}"
EndProject
Project("{FAE04EC0-301F-11D3-BF4B-00C04F79EFBC}") = "MenuSumIdsApi.Tests", "MenuSumIdsApi.Tests\MenuSumIdsApi.Tests.csproj", "{A417C3CD-A7ED-4786-B5CA-C328610F8C85}"
EndProject
Global
	GlobalSection(SolutionConfigurationPlatforms) = preSolution
		Debug|Any CPU = Debug|Any CPU
		Debug|x64 = Debug|x64
		Debug|x86 = Debug|x86
		Release|Any CPU = Release|Any CPU
		Release|x64 = Release|x64
		Release|x86 = Release|x86
	EndGlobalSection
	GlobalSection(SolutionProperties) = preSolution
		HideSolutionNode = FALSE
	EndGlobalSection
	GlobalSection(ProjectConfigurationPlatforms) = postSolution
		{F495014E-17FB-47E2-A955-1F872EE11AEC}.Debug|Any CPU.ActiveCfg = Debug|Any CPU
		{F495014E-17FB-47E2-A955-1F872EE11AEC}.Debug|Any CPU.Build.0 = Debug|Any CPU
		{F495014E-17FB-47E2-A955-1F872EE11AEC}.Debug|x64.ActiveCfg = Debug|Any CPU
		{F495014E-17FB-47E2-A955-1F872EE11AEC}.Debug|x64.Build.0 = Debug|Any CPU
		{F495014E-17FB-47E2-A955-1F872EE11AEC}.Debug|x86.ActiveCfg = Debug|Any CPU
		{F495014E-17FB-47E2-A955-1F872EE11AEC}.Debug|x86.Build.0 = Debug|Any CPU
		{F495014E-17FB-47E2-A955-1F872EE11AEC}.Release|Any CPU.ActiveCfg = Release|Any CPU
		{F495014E-17FB-47E2-A955-1F872EE11AEC}.Release|Any CPU.Build.0 = Release|Any CPU
		{F495014E-17FB-47E2-A955-1F872EE11AEC}.Release|x64.ActiveCfg = Release|Any CPU
		{F495014E-17FB-47E2-A955-1F872EE11AEC}.Release|x64.Build.0 = Release|Any CPU
		{F495014E-17FB-47E2-A955-1F872EE11AEC}.Release|x86.ActiveCfg = Release|Any CPU
		{F495014E-17FB-47E2-A955-1F872EE11AEC}.Release|x86.Build.0 = Release|Any CPU
		{A417C3CD-A7ED-4786-B5CA-C328610F8C85}.Debug|Any CPU.ActiveCfg = Debug|Any CPU
		{A417C3CD-A7ED-4786-B5CA-C328610F8C85}.Debug|Any CPU.Build.0 = Debug|Any CPU
		{A417C3CD-A7ED-4786-B5CA-C328610F8C85}.Debug|x64.ActiveCfg = Debug|Any CPU
		{A417C3CD-A7ED-4786-B5CA-C328610F8C85}.Debug|x64.Build.0 = Debug|Any CPU
		{A417C3CD-A7ED-4786-B5CA-C328610F8C85}.Debug|x86.ActiveCfg = Debug|Any CPU
		{A417C3CD-A7ED-4786-B5CA-C328610F8C85}.Debug|x86.Build.0 = Debug|Any CPU
		{A417C3CD-A7ED-4786-B5CA-C328610F8C85}.Release|Any CPU.ActiveCfg = Release|Any CPU
		{A417C3CD-A7ED-4786-B5CA-C328610F8C85}.Release|Any CPU.Build.0 = Release|Any CPU
		{A417C3CD-A7ED-4786-B5CA-C328610F8C85}.Release|x64.ActiveCfg = Release|Any CPU
		{A417C3CD-A7ED-4786-B5CA-C328610F8C85}.Release|x64.Build.0 = Release|Any CPU
		{A417C3CD-A7ED-4786-B5CA-C328610F8C85}.Release|x86.ActiveCfg = Release|Any CPU
		{A417C3CD-A7ED-4786-B5CA-C328610F8C85}.Release|x86.Build.0 = Release|Any CPU
	EndGlobalSection
EndGlobal
